
Microsoft Visual Studio Solution File, Format Version 12.00
# Visual Studio Version 17
VisualStudioVersion = 17.14.36212.18 d17.14
MinimumVisualStudioVersion = 10.0.40219.1
Project("{54A90642-561A-4BB1-A94E-469ADEE60C69}") = "courseplatform.client", "courseplatform.client\courseplatform.client.esproj", "{5FABFA6E-A1C8-3F3A-4F53-706E9056E4C8}"
EndProject
Project("{FAE04EC0-301F-11D3-BF4B-00C04F79EFBC}") = "CoursePlatform.Server", "CoursePlatform.Server\CoursePlatform.Server.csproj", "{E0DD0037-FE52-48CB-A9CE-7D9B410086D4}"
EndProject
Global
	GlobalSection(SolutionConfigurationPlatforms) = preSolution
		Debug|Any CPU = Debug|Any CPU
		Release|Any CPU = Release|Any CPU
	EndGlobalSection
	GlobalSection(ProjectConfigurationPlatforms) = postSolution
		{5FABFA6E-A1C8-3F3A-4F53-706E9056E4C8}.Debug|Any CPU.ActiveCfg = Debug|Any CPU
		{5FABFA6E-A1C8-3F3A-4F53-706E9056E4C8}.Debug|Any CPU.Build.0 = Debug|Any CPU
		{5FABFA6E-A1C8-3F3A-4F53-706E9056E4C8}.Debug|Any CPU.Deploy.0 = Debug|Any CPU
		{5FABFA6E-A1C8-3F3A-4F53-706E9056E4C8}.Release|Any CPU.ActiveCfg = Release|Any CPU
		{5FABFA6E-A1C8-3F3A-4F53-706E9056E4C8}.Release|Any CPU.Build.0 = Release|Any CPU
		{5FABFA6E-A1C8-3F3A-4F53-706E9056E4C8}.Release|Any CPU.Deploy.0 = Release|Any CPU
		{E0DD0037-FE52-48CB-A9CE-7D9B410086D4}.Debug|Any CPU.ActiveCfg = Debug|Any CPU
		{E0DD0037-FE52-48CB-A9CE-7D9B410086D4}.Debug|Any CPU.Build.0 = Debug|Any CPU
		{E0DD0037-FE52-48CB-A9CE-7D9B410086D4}.Release|Any CPU.ActiveCfg = Release|Any CPU
		{E0DD0037-FE52-48CB-A9CE-7D9B410086D4}.Release|Any CPU.Build.0 = Release|Any CPU
	EndGlobalSection
	GlobalSection(SolutionProperties) = preSolution
		HideSolutionNode = FALSE
	EndGlobalSection
	GlobalSection(ExtensibilityGlobals) = postSolution
		SolutionGuid = {7328E124-3C15-4971-8066-C95DDB8FCE79}
	EndGlobalSection
EndGlobal
